GEM
  remote: https://rubygems.org/
  specs:
    nokogiri (1.19.4-arm64-darwin)
      racc (~> 1.4)
    nokogiri (1.19.4-x86_64-linux-gnu)
      racc (~> 1.4)
    racc (1.8.1)
    rubyXL (3.4.38)
      nokogiri (>= 1.10.8)
      rubyzip (>= 3.2.2)
    rubyzip (3.4.0)
    unicode-display_width (3.2.0)
      unicode-emoji (~> 4.1)
    unicode-emoji (4.2.0)

PLATFORMS
  arm64-darwin-25
  x86_64-linux

DEPENDENCIES
  rubyXL
  unicode-display_width

BUNDLED WITH
   2.4.19
